
Microsoft Visual Studio Solution File, Format Version 12.00
# Visual Studio Version 17
VisualStudioVersion = 17.9.34616.47
MinimumVisualStudioVersion = 10.0.40219.1
Project("{FAE04EC0-301F-11D3-BF4B-00C04F79EFBC}") = "P6Assets_JefferM", "P6Assets_JefferM\P6Assets_JefferM.csproj", "{2B97F3CE-5CC4-4BE8-98CD-85935051A286}"
EndProject
Global
	GlobalSection(SolutionConfigurationPlatforms) = preSolution
		Debug|Any CPU = Debug|Any CPU
		Release|Any CPU = Release|Any CPU
	EndGlobalSection
	GlobalSection(ProjectConfigurationPlatforms) = postSolution
		{2B97F3CE-5CC4-4BE8-98CD-85935051A286}.Debug|Any CPU.ActiveCfg = Debug|Any CPU
		{2B97F3CE-5CC4-4BE8-98CD-85935051A286}.Debug|Any CPU.Build.0 = Debug|Any CPU
		{2B97F3CE-5CC4-4BE8-98CD-85935051A286}.Debug|Any CPU.Deploy.0 = Debug|Any CPU
		{2B97F3CE-5CC4-4BE8-98CD-85935051A286}.Release|Any CPU.ActiveCfg = Release|Any CPU
		{2B97F3CE-5CC4-4BE8-98CD-85935051A286}.Release|Any CPU.Build.0 = Release|Any CPU
		{2B97F3CE-5CC4-4BE8-98CD-85935051A286}.Release|Any CPU.Deploy.0 = Release|Any CPU
	EndGlobalSection
	GlobalSection(SolutionProperties) = preSolution
		HideSolutionNode = FALSE
	EndGlobalSection
	GlobalSection(ExtensibilityGlobals) = postSolution
		SolutionGuid = {EE3004DC-C7E0-4C90-9A7A-4BCA2B03ABC1}
	EndGlobalSection
EndGlobal
